# @generated - this file is auto-generated by `mise lock` https://mise.en.dev/dev-tools/mise-lock.html

[[tools.bun]]
version = "1.3.14"
backend = "core:bun"

[tools.bun."platforms.linux-arm64"]
checksum = "sha256:a27ffb63a8310375836e0d6f668ae17fa8d8d18b88c37c821c65331973a19a3b"
url = "https://github.com/oven-sh/bun/releases/download/bun-v1.3.14/bun-linux-aarch64.zip"

[tools.bun."platforms.linux-arm64-musl"]
checksum = "sha256:b98e0ad3625c5c00d1d5b5ff55605c7adddbfae151861e68ade57b2d3b8703bb"
url = "https://github.com/oven-sh/bun/releases/download/bun-v1.3.14/bun-linux-aarch64-musl.zip"

[tools.bun."platforms.linux-x64"]
checksum = "sha256:951ee2aee855f08595aeec6225226a298d3fea83a3dcd6465c09cbccdf7e848f"
url = "https://github.com/oven-sh/bun/releases/download/bun-v1.3.14/bun-linux-x64.zip"

[tools.bun."platforms.linux-x64-baseline"]
checksum = "sha256:a063908ae08b7852ca10939bbdc6ceed3ddabce8fb9402dce83d65d73b36e6c7"
url = "https://github.com/oven-sh/bun/releases/download/bun-v1.3.14/bun-linux-x64-baseline.zip"

[tools.bun."platforms.linux-x64-musl"]
checksum = "sha256:14bd9aedeebf1dba67e8def9531c89bc989ecfdf1de42e5bfcaf1b8cd9294719"
url = "https://github.com/oven-sh/bun/releases/download/bun-v1.3.14/bun-linux-x64-musl.zip"

[tools.bun."platforms.linux-x64-musl-baseline"]
checksum = "sha256:56a7d6806cf155536c0178f0ea5fbd098e684fa509ebdb4fc0a7e19fb65382dc"
url = "https://github.com/oven-sh/bun/releases/download/bun-v1.3.14/bun-linux-x64-musl-baseline.zip"

[tools.bun."platforms.macos-arm64"]
checksum = "sha256:d8b96221828ad6f97ac7ac0ab7e95872341af763001e8803e8267652c2652620"
url = "https://github.com/oven-sh/bun/releases/download/bun-v1.3.14/bun-darwin-aarch64.zip"

[tools.bun."platforms.macos-x64"]
checksum = "sha256:4183df3374623e5bab315c547cfa0974533cd457d86b73b639f7a87974cd6633"
url = "https://github.com/oven-sh/bun/releases/download/bun-v1.3.14/bun-darwin-x64.zip"

[tools.bun."platforms.macos-x64-baseline"]
checksum = "sha256:3e35ad6f53971a9834bf9e6786e2adf72b5f1921cc9a9c5fde073d2972944076"
url = "https://github.com/oven-sh/bun/releases/download/bun-v1.3.14/bun-darwin-x64-baseline.zip"

[tools.bun."platforms.windows-x64"]
checksum = "sha256:0a0620930b6675d7ba440e81f4e0e00d3cfbe096c4b140d3fff02205e9e18922"
url = "https://github.com/oven-sh/bun/releases/download/bun-v1.3.14/bun-windows-x64.zip"

[tools.bun."platforms.windows-x64-baseline"]
checksum = "sha256:538f9c846355d9e847b2671bc00c47da4229a0befb24df3282b739770f3b475f"
url = "https://github.com/oven-sh/bun/releases/download/bun-v1.3.14/bun-windows-x64-baseline.zip"

[[tools.cargo-binstall]]
version = "1.21.1"
backend = "aqua:cargo-bins/cargo-binstall"

[tools.cargo-binstall."platforms.linux-arm64"]
checksum = "sha256:1dc2979f3c83aade9a1b4344589d14fafa63459b759222528d11419f5cca9cc2"
url = "https://github.com/cargo-bins/cargo-binstall/releases/download/v1.21.1/cargo-binstall-aarch64-unknown-linux-musl.tgz"
url_api = "https://api.github.com/repos/cargo-bins/cargo-binstall/releases/assets/489425352"
provenance = "github-attestations"

[tools.cargo-binstall."platforms.linux-arm64-musl"]
checksum = "sha256:1dc2979f3c83aade9a1b4344589d14fafa63459b759222528d11419f5cca9cc2"
url = "https://github.com/cargo-bins/cargo-binstall/releases/download/v1.21.1/cargo-binstall-aarch64-unknown-linux-musl.tgz"
url_api = "https://api.github.com/repos/cargo-bins/cargo-binstall/releases/assets/489425352"
provenance = "github-attestations"

[tools.cargo-binstall."platforms.linux-x64"]
checksum = "sha256:630c8f8803a686aa6779497f0f0fb51d49822fb5fc3c514d8ced33b34e338e6e"
url = "https://github.com/cargo-bins/cargo-binstall/releases/download/v1.21.1/cargo-binstall-x86_64-unknown-linux-musl.tgz"
url_api = "https://api.github.com/repos/cargo-bins/cargo-binstall/releases/assets/489425174"
provenance = "github-attestations"

[tools.cargo-binstall."platforms.linux-x64-baseline"]
checksum = "sha256:630c8f8803a686aa6779497f0f0fb51d49822fb5fc3c514d8ced33b34e338e6e"
url = "https://github.com/cargo-bins/cargo-binstall/releases/download/v1.21.1/cargo-binstall-x86_64-unknown-linux-musl.tgz"
url_api = "https://api.github.com/repos/cargo-bins/cargo-binstall/releases/assets/489425174"
provenance = "github-attestations"

[tools.cargo-binstall."platforms.linux-x64-musl"]
checksum = "sha256:630c8f8803a686aa6779497f0f0fb51d49822fb5fc3c514d8ced33b34e338e6e"
url = "https://github.com/cargo-bins/cargo-binstall/releases/download/v1.21.1/cargo-binstall-x86_64-unknown-linux-musl.tgz"
url_api = "https://api.github.com/repos/cargo-bins/cargo-binstall/releases/assets/489425174"
provenance = "github-attestations"

[tools.cargo-binstall."platforms.linux-x64-musl-baseline"]
checksum = "sha256:630c8f8803a686aa6779497f0f0fb51d49822fb5fc3c514d8ced33b34e338e6e"
url = "https://github.com/cargo-bins/cargo-binstall/releases/download/v1.21.1/cargo-binstall-x86_64-unknown-linux-musl.tgz"
url_api = "https://api.github.com/repos/cargo-bins/cargo-binstall/releases/assets/489425174"
provenance = "github-attestations"

[tools.cargo-binstall."platforms.macos-arm64"]
checksum = "sha256:bd03935f1a6d652647f6d42a2cd39396a55094ffddc65bed0debebfe32feea43"
url = "https://github.com/cargo-bins/cargo-binstall/releases/download/v1.21.1/cargo-binstall-aarch64-apple-darwin.zip"
url_api = "https://api.github.com/repos/cargo-bins/cargo-binstall/releases/assets/489425460"
provenance = "github-attestations"

[tools.cargo-binstall."platforms.macos-x64"]
checksum = "sha256:73894951a5c5343476e703b9f2ccea9e829396147ee33bded6a5e94c09298d81"
url = "https://github.com/cargo-bins/cargo-binstall/releases/download/v1.21.1/cargo-binstall-x86_64-apple-darwin.zip"
url_api = "https://api.github.com/repos/cargo-bins/cargo-binstall/releases/assets/489425224"
provenance = "github-attestations"

[tools.cargo-binstall."platforms.macos-x64-baseline"]
checksum = "sha256:73894951a5c5343476e703b9f2ccea9e829396147ee33bded6a5e94c09298d81"
url = "https://github.com/cargo-bins/cargo-binstall/releases/download/v1.21.1/cargo-binstall-x86_64-apple-darwin.zip"
url_api = "https://api.github.com/repos/cargo-bins/cargo-binstall/releases/assets/489425224"
provenance = "github-attestations"

[tools.cargo-binstall."platforms.windows-x64"]
checksum = "sha256:27aee4e73cd8b1d479730cb9cdbd89b1114453a135689d4ee1a7e7f913f0ffe1"
url = "https://github.com/cargo-bins/cargo-binstall/releases/download/v1.21.1/cargo-binstall-x86_64-pc-windows-msvc.zip"
url_api = "https://api.github.com/repos/cargo-bins/cargo-binstall/releases/assets/489425215"
provenance = "github-attestations"

[tools.cargo-binstall."platforms.windows-x64-baseline"]
checksum = "sha256:27aee4e73cd8b1d479730cb9cdbd89b1114453a135689d4ee1a7e7f913f0ffe1"
url = "https://github.com/cargo-bins/cargo-binstall/releases/download/v1.21.1/cargo-binstall-x86_64-pc-windows-msvc.zip"
url_api = "https://api.github.com/repos/cargo-bins/cargo-binstall/releases/assets/489425215"
provenance = "github-attestations"

[[tools.delta]]
version = "0.19.2"
backend = "aqua:dandavison/delta"

[tools.delta."platforms.linux-arm64"]
checksum = "sha256:0bfce159a5cddd5feb3d6db4a616d883ff51253ce08ac7ec11cb1d208cfaab9e"
url = "https://github.com/dandavison/delta/releases/download/0.19.2/delta-0.19.2-aarch64-unknown-linux-gnu.tar.gz"

[tools.delta."platforms.linux-arm64-musl"]
checksum = "sha256:0bfce159a5cddd5feb3d6db4a616d883ff51253ce08ac7ec11cb1d208cfaab9e"
url = "https://github.com/dandavison/delta/releases/download/0.19.2/delta-0.19.2-aarch64-unknown-linux-gnu.tar.gz"

[tools.delta."platforms.linux-x64"]
checksum = "sha256:f1ea01ca7728ce3462debc359f39dfc7cbbc1a63224b71fefabf92042864aa1b"
url = "https://github.com/dandavison/delta/releases/download/0.19.2/delta-0.19.2-x86_64-unknown-linux-musl.tar.gz"

[tools.delta."platforms.linux-x64-baseline"]
checksum = "sha256:f1ea01ca7728ce3462debc359f39dfc7cbbc1a63224b71fefabf92042864aa1b"
url = "https://github.com/dandavison/delta/releases/download/0.19.2/delta-0.19.2-x86_64-unknown-linux-musl.tar.gz"

[tools.delta."platforms.linux-x64-musl"]
checksum = "sha256:f1ea01ca7728ce3462debc359f39dfc7cbbc1a63224b71fefabf92042864aa1b"
url = "https://github.com/dandavison/delta/releases/download/0.19.2/delta-0.19.2-x86_64-unknown-linux-musl.tar.gz"

[tools.delta."platforms.linux-x64-musl-baseline"]
checksum = "sha256:f1ea01ca7728ce3462debc359f39dfc7cbbc1a63224b71fefabf92042864aa1b"
url = "https://github.com/dandavison/delta/releases/download/0.19.2/delta-0.19.2-x86_64-unknown-linux-musl.tar.gz"

[tools.delta."platforms.macos-arm64"]
checksum = "sha256:9be36612a5a13e9e386dc498fb8e50dc87c72ee42b63db0ea05b32f99a72a69a"
url = "https://github.com/dandavison/delta/releases/download/0.19.2/delta-0.19.2-aarch64-apple-darwin.tar.gz"

[tools.delta."platforms.windows-x64"]
checksum = "sha256:ac8ebb4a9f1cbee8b9ea897ba119808a244181adae6f3bed1f3b6b923c50b557"
url = "https://github.com/dandavison/delta/releases/download/0.19.2/delta-0.19.2-x86_64-pc-windows-msvc.zip"

[tools.delta."platforms.windows-x64-baseline"]
checksum = "sha256:ac8ebb4a9f1cbee8b9ea897ba119808a244181adae6f3bed1f3b6b923c50b557"
url = "https://github.com/dandavison/delta/releases/download/0.19.2/delta-0.19.2-x86_64-pc-windows-msvc.zip"

[[tools.go]]
version = "1.27.0"
backend = "core:go"

[tools.go."platforms.linux-arm64"]
checksum = "sha256:51798d2c42d0e1c6ed7fd9f48728b4193abac9e8aad6dbac2fe96a81f5909bda"
url = "https://dl.google.com/go/go1.27.0.linux-arm64.tar.gz"

[tools.go."platforms.linux-arm64-musl"]
checksum = "sha256:51798d2c42d0e1c6ed7fd9f48728b4193abac9e8aad6dbac2fe96a81f5909bda"
url = "https://dl.google.com/go/go1.27.0.linux-arm64.tar.gz"

[tools.go."platforms.linux-x64"]
checksum = "sha256:675c26c449cbb18fc24b74650de1eabbae6e16f64326fd85a283fb3b58280685"
url = "https://dl.google.com/go/go1.27.0.linux-amd64.tar.gz"

[tools.go."platforms.linux-x64-baseline"]
checksum = "sha256:675c26c449cbb18fc24b74650de1eabbae6e16f64326fd85a283fb3b58280685"
url = "https://dl.google.com/go/go1.27.0.linux-amd64.tar.gz"

[tools.go."platforms.linux-x64-musl"]
checksum = "sha256:675c26c449cbb18fc24b74650de1eabbae6e16f64326fd85a283fb3b58280685"
url = "https://dl.google.com/go/go1.27.0.linux-amd64.tar.gz"

[tools.go."platforms.linux-x64-musl-baseline"]
checksum = "sha256:675c26c449cbb18fc24b74650de1eabbae6e16f64326fd85a283fb3b58280685"
url = "https://dl.google.com/go/go1.27.0.linux-amd64.tar.gz"

[tools.go."platforms.macos-arm64"]
checksum = "sha256:90493b3bbd5e10f91d12153198bf1994fd756399b4fec93b49b0c6e2acdeeb3e"
url = "https://dl.google.com/go/go1.27.0.darwin-arm64.tar.gz"

[tools.go."platforms.macos-x64"]
checksum = "sha256:d3314e25496e4381d71a5c51d2907e7af655d199f6780b549f015bd85fef4986"
url = "https://dl.google.com/go/go1.27.0.darwin-amd64.tar.gz"

[tools.go."platforms.macos-x64-baseline"]
checksum = "sha256:d3314e25496e4381d71a5c51d2907e7af655d199f6780b549f015bd85fef4986"
url = "https://dl.google.com/go/go1.27.0.darwin-amd64.tar.gz"

[tools.go."platforms.windows-x64"]
checksum = "sha256:f0c0a0d33ba94f4d2c5dbc887334ce678b21813504ddb3aafcb06e60a5a667c4"
url = "https://dl.google.com/go/go1.27.0.windows-amd64.zip"

[tools.go."platforms.windows-x64-baseline"]
checksum = "sha256:f0c0a0d33ba94f4d2c5dbc887334ce678b21813504ddb3aafcb06e60a5a667c4"
url = "https://dl.google.com/go/go1.27.0.windows-amd64.zip"

[[tools.markdownlint-cli2]]
version = "0.22.1"
backend = "npm:markdownlint-cli2"

[[tools.node]]
version = "25.9.0"
backend = "core:node"

[tools.node.options]
compile = "false"

[tools.node."platforms.linux-arm64"]
checksum = "sha256:8fb4283301b8c720fc9f18bffff0f659e72cc14d0cf207a3bb411808aaa73a57"
url = "https://nodejs.org/dist/v25.9.0/node-v25.9.0-linux-arm64.tar.gz"

[tools.node."platforms.linux-arm64-musl"]
checksum = "sha256:97f6fe125faa51f84a7bb600d0cd7aefcfaaa0e75a5f49a7c61c3df91d12d535"
url = "https://unofficial-builds.nodejs.org/download/release/v25.9.0/node-v25.9.0-linux-arm64-musl.tar.gz"

[tools.node."platforms.linux-x64"]
checksum = "sha256:134e55b2408448a219760fe04dc44d6851f9de8a79549021ffd870e9082d9e7b"
url = "https://nodejs.org/dist/v25.9.0/node-v25.9.0-linux-x64.tar.gz"

[tools.node."platforms.linux-x64-baseline"]
checksum = "sha256:134e55b2408448a219760fe04dc44d6851f9de8a79549021ffd870e9082d9e7b"
url = "https://nodejs.org/dist/v25.9.0/node-v25.9.0-linux-x64.tar.gz"

[tools.node."platforms.linux-x64-musl"]
checksum = "sha256:1ac44af012be6bc17f1e3723edbf12897c0baeae5d1dc75b9f97d71413e4c8f5"
url = "https://unofficial-builds.nodejs.org/download/release/v25.9.0/node-v25.9.0-linux-x64-musl.tar.gz"

[tools.node."platforms.linux-x64-musl-baseline"]
checksum = "sha256:1ac44af012be6bc17f1e3723edbf12897c0baeae5d1dc75b9f97d71413e4c8f5"
url = "https://unofficial-builds.nodejs.org/download/release/v25.9.0/node-v25.9.0-linux-x64-musl.tar.gz"

[tools.node."platforms.macos-arm64"]
checksum = "sha256:e479f3c469d3d9303a44f00a8ea37a3788395d171bb8059c48a4bbbd2e371b59"
url = "https://nodejs.org/dist/v25.9.0/node-v25.9.0-darwin-arm64.tar.gz"

[tools.node."platforms.macos-x64"]
checksum = "sha256:7d737b53ce191142bfa1c17cfa5b070d96e84eebf76b8dd06d84981cbdc3f7e3"
url = "https://nodejs.org/dist/v25.9.0/node-v25.9.0-darwin-x64.tar.gz"

[tools.node."platforms.macos-x64-baseline"]
checksum = "sha256:7d737b53ce191142bfa1c17cfa5b070d96e84eebf76b8dd06d84981cbdc3f7e3"
url = "https://nodejs.org/dist/v25.9.0/node-v25.9.0-darwin-x64.tar.gz"

[tools.node."platforms.windows-x64"]
checksum = "sha256:929552b8305effac843ba7b4270c437aefb702fc3fbd73fcd1bffd35d4ac284e"
url = "https://nodejs.org/dist/v25.9.0/node-v25.9.0-win-x64.zip"

[tools.node."platforms.windows-x64-baseline"]
checksum = "sha256:929552b8305effac843ba7b4270c437aefb702fc3fbd73fcd1bffd35d4ac284e"
url = "https://nodejs.org/dist/v25.9.0/node-v25.9.0-win-x64.zip"

[[tools."npm:@github/copilot"]]
version = "1.0.80"
backend = "npm:@github/copilot"

[[tools."npm:@mermaid-js/mermaid-cli"]]
version = "11.16.0"
backend = "npm:@mermaid-js/mermaid-cli"

[[tools."npm:@tobilu/qmd"]]
version = "2.8.3"
backend = "npm:@tobilu/qmd"

[[tools."npm:mcp-hub"]]
version = "4.2.1"
backend = "npm:mcp-hub"

[[tools.opencode]]
version = "1.18.19"
backend = "aqua:anomalyco/opencode"

[tools.opencode."platforms.linux-arm64"]
checksum = "sha256:506f98a1f618551f1f6fc5dcf591f824bef9d6819d40b27928ad7febcb7c363b"
url = "https://github.com/anomalyco/opencode/releases/download/v1.18.19/opencode-linux-arm64.tar.gz"
url_api = "https://api.github.com/repos/anomalyco/opencode/releases/assets/521836933"

[tools.opencode."platforms.linux-arm64-musl"]
checksum = "sha256:cf5732a2665da6db7331fd4bff37a32eed71d684fef5e0956c0e29254600136b"
url = "https://github.com/anomalyco/opencode/releases/download/v1.18.19/opencode-linux-arm64-musl.tar.gz"
url_api = "https://api.github.com/repos/anomalyco/opencode/releases/assets/521836940"

[tools.opencode."platforms.linux-x64"]
checksum = "sha256:7bb35487c55f9957f5d91ae60be6fa49fc8f74629c210c1719ed75fdbf7e2bd9"
url = "https://github.com/anomalyco/opencode/releases/download/v1.18.19/opencode-linux-x64.tar.gz"
url_api = "https://api.github.com/repos/anomalyco/opencode/releases/assets/521837205"

[tools.opencode."platforms.linux-x64-baseline"]
checksum = "sha256:7bb35487c55f9957f5d91ae60be6fa49fc8f74629c210c1719ed75fdbf7e2bd9"
url = "https://github.com/anomalyco/opencode/releases/download/v1.18.19/opencode-linux-x64.tar.gz"
url_api = "https://api.github.com/repos/anomalyco/opencode/releases/assets/521837205"

[tools.opencode."platforms.linux-x64-musl"]
checksum = "sha256:71eaeb20f2dc55a6d22ea1dabf659db513d02cd65f58b4a29e4c9f45b0d529ac"
url = "https://github.com/anomalyco/opencode/releases/download/v1.18.19/opencode-linux-x64-musl.tar.gz"
url_api = "https://api.github.com/repos/anomalyco/opencode/releases/assets/521836944"

[tools.opencode."platforms.linux-x64-musl-baseline"]
checksum = "sha256:71eaeb20f2dc55a6d22ea1dabf659db513d02cd65f58b4a29e4c9f45b0d529ac"
url = "https://github.com/anomalyco/opencode/releases/download/v1.18.19/opencode-linux-x64-musl.tar.gz"
url_api = "https://api.github.com/repos/anomalyco/opencode/releases/assets/521836944"

[tools.opencode."platforms.macos-arm64"]
checksum = "sha256:0026326bd77a3277ab3726be237410b19389f7829e8bb3c82dfaf9044162067c"
url = "https://github.com/anomalyco/opencode/releases/download/v1.18.19/opencode-darwin-arm64.zip"
url_api = "https://api.github.com/repos/anomalyco/opencode/releases/assets/521836784"

[tools.opencode."platforms.macos-x64"]
checksum = "sha256:ee495d7c30263c2cecb81a4558a9c4d29ac7b27c1df822e9d344a69cb56a75c3"
url = "https://github.com/anomalyco/opencode/releases/download/v1.18.19/opencode-darwin-x64.zip"
url_api = "https://api.github.com/repos/anomalyco/opencode/releases/assets/521836928"

[tools.opencode."platforms.macos-x64-baseline"]
checksum = "sha256:ee495d7c30263c2cecb81a4558a9c4d29ac7b27c1df822e9d344a69cb56a75c3"
url = "https://github.com/anomalyco/opencode/releases/download/v1.18.19/opencode-darwin-x64.zip"
url_api = "https://api.github.com/repos/anomalyco/opencode/releases/assets/521836928"

[tools.opencode."platforms.windows-x64"]
checksum = "sha256:4381328bf6d611996c33d98daef27e89d274cb8391709fa1e36723f1d2899877"
url = "https://github.com/anomalyco/opencode/releases/download/v1.18.19/opencode-windows-x64.zip"
url_api = "https://api.github.com/repos/anomalyco/opencode/releases/assets/521839250"

[tools.opencode."platforms.windows-x64-baseline"]
checksum = "sha256:4381328bf6d611996c33d98daef27e89d274cb8391709fa1e36723f1d2899877"
url = "https://github.com/anomalyco/opencode/releases/download/v1.18.19/opencode-windows-x64.zip"
url_api = "https://api.github.com/repos/anomalyco/opencode/releases/assets/521839250"

[[tools.prettier]]
version = "3.9.6"
backend = "npm:prettier"

[[tools.python]]
version = "3.13.14"
backend = "core:python"

[tools.python."platforms.linux-arm64"]
checksum = "sha256:e931d7a393f54902503f8745ceb35420e7dd50a067e78e5f45c71404f7a15b30"
url = "https://github.com/astral-sh/python-build-standalone/releases/download/20260623/cpython-3.13.14+20260623-aarch64-unknown-linux-gnu-install_only_stripped.tar.gz"
provenance = "github-attestations"

[tools.python."platforms.linux-arm64-musl"]
checksum = "sha256:530453a8d47dcf234dbdebb8fdc8fb7277e1edc0f1b6e326e7a80e064318f019"
url = "https://github.com/astral-sh/python-build-standalone/releases/download/20260623/cpython-3.13.14+20260623-aarch64-unknown-linux-musl-install_only_stripped.tar.gz"
provenance = "github-attestations"

[tools.python."platforms.linux-x64"]
checksum = "sha256:459ed79967acc207bef2ff5124dac35d74d5108528e37b15395d14e2922f2c92"
url = "https://github.com/astral-sh/python-build-standalone/releases/download/20260623/cpython-3.13.14+20260623-x86_64-unknown-linux-gnu-install_only_stripped.tar.gz"
provenance = "github-attestations"

[tools.python."platforms.linux-x64-baseline"]
checksum = "sha256:459ed79967acc207bef2ff5124dac35d74d5108528e37b15395d14e2922f2c92"
url = "https://github.com/astral-sh/python-build-standalone/releases/download/20260623/cpython-3.13.14+20260623-x86_64-unknown-linux-gnu-install_only_stripped.tar.gz"
provenance = "github-attestations"

[tools.python."platforms.linux-x64-musl"]
checksum = "sha256:88a95f01ab0cb402822f803facea2f938d9b4cfe08da3d866629ac21c62c1f83"
url = "https://github.com/astral-sh/python-build-standalone/releases/download/20260623/cpython-3.13.14+20260623-x86_64-unknown-linux-musl-install_only_stripped.tar.gz"
provenance = "github-attestations"

[tools.python."platforms.linux-x64-musl-baseline"]
checksum = "sha256:88a95f01ab0cb402822f803facea2f938d9b4cfe08da3d866629ac21c62c1f83"
url = "https://github.com/astral-sh/python-build-standalone/releases/download/20260623/cpython-3.13.14+20260623-x86_64-unknown-linux-musl-install_only_stripped.tar.gz"
provenance = "github-attestations"

[tools.python."platforms.macos-arm64"]
checksum = "blake3:4e023688afcfb34e6e671eca8328b17e324b1e94e0946efd0645524457f46a0f"
url = "https://github.com/astral-sh/python-build-standalone/releases/download/20260623/cpython-3.13.14+20260623-aarch64-apple-darwin-install_only_stripped.tar.gz"
provenance = "github-attestations"

[tools.python."platforms.macos-x64"]
checksum = "sha256:fdbe7198fb32f24ab99c67cb68cb265615e0bb6cb6586ffccb629ef9ca868420"
url = "https://github.com/astral-sh/python-build-standalone/releases/download/20260623/cpython-3.13.14+20260623-x86_64-apple-darwin-install_only_stripped.tar.gz"
provenance = "github-attestations"

[tools.python."platforms.macos-x64-baseline"]
checksum = "sha256:fdbe7198fb32f24ab99c67cb68cb265615e0bb6cb6586ffccb629ef9ca868420"
url = "https://github.com/astral-sh/python-build-standalone/releases/download/20260623/cpython-3.13.14+20260623-x86_64-apple-darwin-install_only_stripped.tar.gz"
provenance = "github-attestations"

[tools.python."platforms.windows-x64"]
checksum = "sha256:7c3159205dda0289a47e6dd1226c4e5800b1f99a03146cdc25a41fed8ef74f5a"
url = "https://github.com/astral-sh/python-build-standalone/releases/download/20260623/cpython-3.13.14+20260623-x86_64-pc-windows-msvc-install_only_stripped.tar.gz"
provenance = "github-attestations"

[tools.python."platforms.windows-x64-baseline"]
checksum = "sha256:7c3159205dda0289a47e6dd1226c4e5800b1f99a03146cdc25a41fed8ef74f5a"
url = "https://github.com/astral-sh/python-build-standalone/releases/download/20260623/cpython-3.13.14+20260623-x86_64-pc-windows-msvc-install_only_stripped.tar.gz"
provenance = "github-attestations"

[[tools.ruby]]
version = "4.0.6"
backend = "core:ruby"

[tools.ruby."platforms.windows-x64"]
checksum = "sha256:328d7a86bea2f4c432783025050c9ffa1c36fcfc54ebccc466b63450ec3af223"
url = "https://github.com/oneclick/rubyinstaller2/releases/download/RubyInstaller-4.0.6-1/rubyinstaller-4.0.6-1-x64.7z"

[tools.ruby."platforms.windows-x64-baseline"]
checksum = "sha256:328d7a86bea2f4c432783025050c9ffa1c36fcfc54ebccc466b63450ec3af223"
url = "https://github.com/oneclick/rubyinstaller2/releases/download/RubyInstaller-4.0.6-1/rubyinstaller-4.0.6-1-x64.7z"

[[tools.ruby]]
version = "4.0.6"
backend = "core:ruby"

[tools.ruby.options]
compile = "false"
precompiled_url = "jdx/ruby"
ruby_build_repo = "https://github.com/rbenv/ruby-build.git"
ruby_install = "false"

[tools.ruby."platforms.linux-arm64"]
checksum = "sha256:6144c26cd5a1ff85358beb7e68e592ada6d0319aa8093cf353465d60f10aa970"
url = "https://github.com/jdx/ruby/releases/download/4.0.6-1/ruby-4.0.6.arm64_linux.tar.gz"
provenance = "github-attestations"

[tools.ruby."platforms.linux-arm64-musl"]
checksum = "sha256:6144c26cd5a1ff85358beb7e68e592ada6d0319aa8093cf353465d60f10aa970"
url = "https://github.com/jdx/ruby/releases/download/4.0.6-1/ruby-4.0.6.arm64_linux.tar.gz"
provenance = "github-attestations"

[tools.ruby."platforms.linux-x64"]
checksum = "sha256:aefa111873bac3b15c5c416bfaaca84e793d5312d4496d651ad79c44521b200a"
url = "https://github.com/jdx/ruby/releases/download/4.0.6-1/ruby-4.0.6.x86_64_linux.tar.gz"
provenance = "github-attestations"

[tools.ruby."platforms.linux-x64-baseline"]
checksum = "sha256:aefa111873bac3b15c5c416bfaaca84e793d5312d4496d651ad79c44521b200a"
url = "https://github.com/jdx/ruby/releases/download/4.0.6-1/ruby-4.0.6.x86_64_linux.tar.gz"
provenance = "github-attestations"

[tools.ruby."platforms.linux-x64-musl"]
checksum = "sha256:aefa111873bac3b15c5c416bfaaca84e793d5312d4496d651ad79c44521b200a"
url = "https://github.com/jdx/ruby/releases/download/4.0.6-1/ruby-4.0.6.x86_64_linux.tar.gz"
provenance = "github-attestations"

[tools.ruby."platforms.linux-x64-musl-baseline"]
checksum = "sha256:aefa111873bac3b15c5c416bfaaca84e793d5312d4496d651ad79c44521b200a"
url = "https://github.com/jdx/ruby/releases/download/4.0.6-1/ruby-4.0.6.x86_64_linux.tar.gz"
provenance = "github-attestations"

[tools.ruby."platforms.macos-arm64"]
checksum = "sha256:518c5849d7ab337790943963ded4f0b402d2d4ededea265288a5a19d4c8fee18"
url = "https://github.com/jdx/ruby/releases/download/4.0.6-1/ruby-4.0.6.macos.tar.gz"
provenance = "github-attestations"

[tools.ruby."platforms.macos-x64"]
checksum = "sha256:837d299e8f7ddf2be31a229a7a7e019d354979825117989acb3b32b1a9be262a"
url = "https://cache.ruby-lang.org/pub/ruby/4.0/ruby-4.0.6.tar.gz"

[tools.ruby."platforms.macos-x64-baseline"]
checksum = "sha256:837d299e8f7ddf2be31a229a7a7e019d354979825117989acb3b32b1a9be262a"
url = "https://cache.ruby-lang.org/pub/ruby/4.0/ruby-4.0.6.tar.gz"

[[tools.rust]]
version = "nightly-2026-08-21"
backend = "core:rust"

[[tools.stylua]]
version = "2.5.2"
backend = "aqua:JohnnyMorganz/StyLua"

[tools.stylua."platforms.linux-arm64"]
checksum = "sha256:0ef2ebf0b7e5a652b65c4cb96c6d9ffb3981a98547de3c764465bbf54a8d761a"
url = "https://github.com/JohnnyMorganz/StyLua/releases/download/v2.5.2/stylua-linux-aarch64.zip"

[tools.stylua."platforms.linux-arm64-musl"]
checksum = "sha256:b948df6b4bae41af9a70948174372f96a3c14d44e3e017288701539f3db8fb75"
url = "https://github.com/JohnnyMorganz/StyLua/releases/download/v2.5.2/stylua-linux-aarch64-musl.zip"

[tools.stylua."platforms.linux-x64"]
checksum = "sha256:ca6f1cf52eaf69e6632b81acef9c197aa24b85eb30d2455a35e7dbe28ae77c72"
url = "https://github.com/JohnnyMorganz/StyLua/releases/download/v2.5.2/stylua-linux-x86_64-musl.zip"

[tools.stylua."platforms.linux-x64-baseline"]
checksum = "sha256:ca6f1cf52eaf69e6632b81acef9c197aa24b85eb30d2455a35e7dbe28ae77c72"
url = "https://github.com/JohnnyMorganz/StyLua/releases/download/v2.5.2/stylua-linux-x86_64-musl.zip"

[tools.stylua."platforms.linux-x64-musl"]
checksum = "sha256:ca6f1cf52eaf69e6632b81acef9c197aa24b85eb30d2455a35e7dbe28ae77c72"
url = "https://github.com/JohnnyMorganz/StyLua/releases/download/v2.5.2/stylua-linux-x86_64-musl.zip"

[tools.stylua."platforms.linux-x64-musl-baseline"]
checksum = "sha256:ca6f1cf52eaf69e6632b81acef9c197aa24b85eb30d2455a35e7dbe28ae77c72"
url = "https://github.com/JohnnyMorganz/StyLua/releases/download/v2.5.2/stylua-linux-x86_64-musl.zip"

[tools.stylua."platforms.macos-arm64"]
checksum = "sha256:92ff0889e16324801bc072692974bb67f8161e62010fc90f96c62a17f81f32c7"
url = "https://github.com/JohnnyMorganz/StyLua/releases/download/v2.5.2/stylua-macos-aarch64.zip"

[tools.stylua."platforms.macos-x64"]
checksum = "sha256:53c50a1605d0a6345d160a1a5a21db40bcf2bf9cd23c17f7c277a63a1bff3a7f"
url = "https://github.com/JohnnyMorganz/StyLua/releases/download/v2.5.2/stylua-macos-x86_64.zip"

[tools.stylua."platforms.macos-x64-baseline"]
checksum = "sha256:53c50a1605d0a6345d160a1a5a21db40bcf2bf9cd23c17f7c277a63a1bff3a7f"
url = "https://github.com/JohnnyMorganz/StyLua/releases/download/v2.5.2/stylua-macos-x86_64.zip"

[tools.stylua."platforms.windows-x64"]
checksum = "sha256:e77d0ea1226b8b389b43f702240091249a96eea25857281f90ea24d0eb9eb969"
url = "https://github.com/JohnnyMorganz/StyLua/releases/download/v2.5.2/stylua-windows-x86_64.zip"

[tools.stylua."platforms.windows-x64-baseline"]
checksum = "sha256:e77d0ea1226b8b389b43f702240091249a96eea25857281f90ea24d0eb9eb969"
url = "https://github.com/JohnnyMorganz/StyLua/releases/download/v2.5.2/stylua-windows-x86_64.zip"

[[tools.tree-sitter]]
version = "0.26.12"
backend = "aqua:tree-sitter/tree-sitter"

[tools.tree-sitter."platforms.linux-arm64"]
checksum = "sha256:cfbf3d9aad8e326878ab1846885a9c2b782a0333273591616f34bf556d525586"
url = "https://github.com/tree-sitter/tree-sitter/releases/download/v0.26.12/tree-sitter-linux-arm64.gz"
url_api = "https://api.github.com/repos/tree-sitter/tree-sitter/releases/assets/506408041"
provenance = "github-attestations"

[tools.tree-sitter."platforms.linux-arm64-musl"]
checksum = "sha256:cfbf3d9aad8e326878ab1846885a9c2b782a0333273591616f34bf556d525586"
url = "https://github.com/tree-sitter/tree-sitter/releases/download/v0.26.12/tree-sitter-linux-arm64.gz"
url_api = "https://api.github.com/repos/tree-sitter/tree-sitter/releases/assets/506408041"
provenance = "github-attestations"

[tools.tree-sitter."platforms.linux-x64"]
checksum = "sha256:d00ac0daefc4bf8c4b57842a5c0509927232faad1d83157b64fbad4e2e8d9a8b"
url = "https://github.com/tree-sitter/tree-sitter/releases/download/v0.26.12/tree-sitter-linux-x64.gz"
url_api = "https://api.github.com/repos/tree-sitter/tree-sitter/releases/assets/506408040"
provenance = "github-attestations"

[tools.tree-sitter."platforms.linux-x64-baseline"]
checksum = "sha256:d00ac0daefc4bf8c4b57842a5c0509927232faad1d83157b64fbad4e2e8d9a8b"
url = "https://github.com/tree-sitter/tree-sitter/releases/download/v0.26.12/tree-sitter-linux-x64.gz"
url_api = "https://api.github.com/repos/tree-sitter/tree-sitter/releases/assets/506408040"
provenance = "github-attestations"

[tools.tree-sitter."platforms.linux-x64-musl"]
checksum = "sha256:d00ac0daefc4bf8c4b57842a5c0509927232faad1d83157b64fbad4e2e8d9a8b"
url = "https://github.com/tree-sitter/tree-sitter/releases/download/v0.26.12/tree-sitter-linux-x64.gz"
url_api = "https://api.github.com/repos/tree-sitter/tree-sitter/releases/assets/506408040"
provenance = "github-attestations"

[tools.tree-sitter."platforms.linux-x64-musl-baseline"]
checksum = "sha256:d00ac0daefc4bf8c4b57842a5c0509927232faad1d83157b64fbad4e2e8d9a8b"
url = "https://github.com/tree-sitter/tree-sitter/releases/download/v0.26.12/tree-sitter-linux-x64.gz"
url_api = "https://api.github.com/repos/tree-sitter/tree-sitter/releases/assets/506408040"
provenance = "github-attestations"

[tools.tree-sitter."platforms.macos-arm64"]
checksum = "sha256:a7ddeff2507391ebdfd0b8fa0dfe91babed291ea00d86426cb0e6cfade891697"
url = "https://github.com/tree-sitter/tree-sitter/releases/download/v0.26.12/tree-sitter-macos-arm64.gz"
url_api = "https://api.github.com/repos/tree-sitter/tree-sitter/releases/assets/506408052"
provenance = "github-attestations"

[tools.tree-sitter."platforms.macos-x64"]
checksum = "sha256:6827b218bce4d5403cb76ae3c269bc836d3124b75bb3477197ee9a8c8f6e79dc"
url = "https://github.com/tree-sitter/tree-sitter/releases/download/v0.26.12/tree-sitter-macos-x64.gz"
url_api = "https://api.github.com/repos/tree-sitter/tree-sitter/releases/assets/506408053"
provenance = "github-attestations"

[tools.tree-sitter."platforms.macos-x64-baseline"]
checksum = "sha256:6827b218bce4d5403cb76ae3c269bc836d3124b75bb3477197ee9a8c8f6e79dc"
url = "https://github.com/tree-sitter/tree-sitter/releases/download/v0.26.12/tree-sitter-macos-x64.gz"
url_api = "https://api.github.com/repos/tree-sitter/tree-sitter/releases/assets/506408053"
provenance = "github-attestations"

[tools.tree-sitter."platforms.windows-x64"]
checksum = "sha256:3445cf022efbc3ffcc391a55ccb29a3ce277eea91c719247c2dad4dd9dac70f6"
url = "https://github.com/tree-sitter/tree-sitter/releases/download/v0.26.12/tree-sitter-windows-x64.gz"
url_api = "https://api.github.com/repos/tree-sitter/tree-sitter/releases/assets/506408056"
provenance = "github-attestations"

[tools.tree-sitter."platforms.windows-x64-baseline"]
checksum = "sha256:3445cf022efbc3ffcc391a55ccb29a3ce277eea91c719247c2dad4dd9dac70f6"
url = "https://github.com/tree-sitter/tree-sitter/releases/download/v0.26.12/tree-sitter-windows-x64.gz"
url_api = "https://api.github.com/repos/tree-sitter/tree-sitter/releases/assets/506408056"
provenance = "github-attestations"

[[tools.uv]]
version = "0.12.5"
backend = "aqua:astral-sh/uv"

[tools.uv."platforms.linux-arm64"]
checksum = "sha256:9bf43b4d1a07665bf64d4c4e710930b382321a785e0eb10aac07f46471f86a31"
url = "https://github.com/astral-sh/uv/releases/download/0.12.5/uv-aarch64-unknown-linux-gnu.tar.gz"
url_api = "https://api.github.com/repos/astral-sh/uv/releases/assets/514850990"
provenance = "github-attestations"

[tools.uv."platforms.linux-arm64-musl"]
checksum = "sha256:8767a0e77f2cd45436401b1b42bf7e9ed5a4a91a74a5305d6fe93249d0f6dbc5"
url = "https://github.com/astral-sh/uv/releases/download/0.12.5/uv-aarch64-unknown-linux-musl.tar.gz"
url_api = "https://api.github.com/repos/astral-sh/uv/releases/assets/514850993"
provenance = "github-attestations"

[tools.uv."platforms.linux-x64"]
checksum = "sha256:68a509da24b06b4223a1c0175fb5eb5bc79342b76cbeff0cfe51ac3f5b17b6b2"
url = "https://github.com/astral-sh/uv/releases/download/0.12.5/uv-x86_64-unknown-linux-gnu.tar.gz"
url_api = "https://api.github.com/repos/astral-sh/uv/releases/assets/514851093"
provenance = "github-attestations"

[tools.uv."platforms.linux-x64-baseline"]
checksum = "sha256:68a509da24b06b4223a1c0175fb5eb5bc79342b76cbeff0cfe51ac3f5b17b6b2"
url = "https://github.com/astral-sh/uv/releases/download/0.12.5/uv-x86_64-unknown-linux-gnu.tar.gz"
url_api = "https://api.github.com/repos/astral-sh/uv/releases/assets/514851093"
provenance = "github-attestations"

[tools.uv."platforms.linux-x64-musl"]
checksum = "sha256:a4742988791c9aeae68c78150d6cba762062ad2a47e53738c2779d2b596bfcdb"
url = "https://github.com/astral-sh/uv/releases/download/0.12.5/uv-x86_64-unknown-linux-musl.tar.gz"
url_api = "https://api.github.com/repos/astral-sh/uv/releases/assets/514851105"
provenance = "github-attestations"

[tools.uv."platforms.linux-x64-musl-baseline"]
checksum = "sha256:a4742988791c9aeae68c78150d6cba762062ad2a47e53738c2779d2b596bfcdb"
url = "https://github.com/astral-sh/uv/releases/download/0.12.5/uv-x86_64-unknown-linux-musl.tar.gz"
url_api = "https://api.github.com/repos/astral-sh/uv/releases/assets/514851105"
provenance = "github-attestations"

[tools.uv."platforms.macos-arm64"]
checksum = "sha256:5bb0e5fe008a773c3dbcb97ff79cd89e1241464fe9d2f986d52ad8f1b037bd62"
url = "https://github.com/astral-sh/uv/releases/download/0.12.5/uv-aarch64-apple-darwin.tar.gz"
url_api = "https://api.github.com/repos/astral-sh/uv/releases/assets/514850968"
provenance = "github-attestations"

[tools.uv."platforms.macos-x64"]
checksum = "sha256:b3b2137477cf96c9686ebfb71524614cec780c673fd73e59bce099aef02e70e8"
url = "https://github.com/astral-sh/uv/releases/download/0.12.5/uv-x86_64-apple-darwin.tar.gz"
url_api = "https://api.github.com/repos/astral-sh/uv/releases/assets/514851078"
provenance = "github-attestations"

[tools.uv."platforms.macos-x64-baseline"]
checksum = "sha256:b3b2137477cf96c9686ebfb71524614cec780c673fd73e59bce099aef02e70e8"
url = "https://github.com/astral-sh/uv/releases/download/0.12.5/uv-x86_64-apple-darwin.tar.gz"
url_api = "https://api.github.com/repos/astral-sh/uv/releases/assets/514851078"
provenance = "github-attestations"

[tools.uv."platforms.windows-x64"]
checksum = "sha256:4c4d49d8738847d9b71ba319e49a5688c93eac0fe6204b1df24e98528dddf39a"
url = "https://github.com/astral-sh/uv/releases/download/0.12.5/uv-x86_64-pc-windows-msvc.zip"
url_api = "https://api.github.com/repos/astral-sh/uv/releases/assets/514851084"
provenance = "github-attestations"

[tools.uv."platforms.windows-x64-baseline"]
checksum = "sha256:4c4d49d8738847d9b71ba319e49a5688c93eac0fe6204b1df24e98528dddf39a"
url = "https://github.com/astral-sh/uv/releases/download/0.12.5/uv-x86_64-pc-windows-msvc.zip"
url_api = "https://api.github.com/repos/astral-sh/uv/releases/assets/514851084"
provenance = "github-attestations"
